
Microsoft Visual Studio Solution File, Format Version 12.00
# Visual Studio Version 17
VisualStudioVersion = 17.6.33829.357
MinimumVisualStudioVersion = 10.0.40219.1
Project("{9A19103F-16F7-4668-BE54-9A1E7A4F7556}") = "Tranchy.Ask.API", "Tranchy.Ask.API\Tranchy.Ask.API.csproj", "{9D2B237B-9942-4BFD-8E5E-45B1A1699EF3}"
EndProject
Project("{9A19103F-16F7-4668-BE54-9A1E7A4F7556}") = "Tranchy.Question", "Tranchy.Question\Tranchy.Question.csproj", "{239FBA04-09E8-4F12-B491-608DD78CDF6E}"
EndProject
Project("{2150E333-8FDC-42A3-9474-1A3956D46DE8}") = "Modules", "Modules", "{955A95D4-C6D7-468F-ABC3-4BF9454573A8}"
EndProject
Project("{9A19103F-16F7-4668-BE54-9A1E7A4F7556}") = "Tranchy.Common", "Tranchy.Common\Tranchy.Common.csproj", "{704CB649-CFF7-4EA1-94C0-4BEDBB84EA7E}"
EndProject
Project("{9A19103F-16F7-4668-BE54-9A1E7A4F7556}") = "Tranchy.Payment", "Tranchy.Payment\Tranchy.Payment.csproj", "{9C2DB807-6642-4A6A-BD9B-AE6A84D79615}"
EndProject
Project("{FAE04EC0-301F-11D3-BF4B-00C04F79EFBC}") = "Tranchy.Ask.Worker", "Tranchy.Ask.Worker\Tranchy.Ask.Worker.csproj", "{71216FF3-928E-47DE-A11C-D7002411D568}"
EndProject
Global
	GlobalSection(SolutionConfigurationPlatforms) = preSolution
		Debug|Any CPU = Debug|Any CPU
		Release|Any CPU = Release|Any CPU
	EndGlobalSection
	GlobalSection(ProjectConfigurationPlatforms) = postSolution
		{9D2B237B-9942-4BFD-8E5E-45B1A1699EF3}.Debug|Any CPU.ActiveCfg = Debug|Any CPU
		{9D2B237B-9942-4BFD-8E5E-45B1A1699EF3}.Debug|Any CPU.Build.0 = Debug|Any CPU
		{9D2B237B-9942-4BFD-8E5E-45B1A1699EF3}.Release|Any CPU.ActiveCfg = Release|Any CPU
		{9D2B237B-9942-4BFD-8E5E-45B1A1699EF3}.Release|Any CPU.Build.0 = Release|Any CPU
		{239FBA04-09E8-4F12-B491-608DD78CDF6E}.Debug|Any CPU.ActiveCfg = Debug|Any CPU
		{239FBA04-09E8-4F12-B491-608DD78CDF6E}.Debug|Any CPU.Build.0 = Debug|Any CPU
		{239FBA04-09E8-4F12-B491-608DD78CDF6E}.Release|Any CPU.ActiveCfg = Release|Any CPU
		{239FBA04-09E8-4F12-B491-608DD78CDF6E}.Release|Any CPU.Build.0 = Release|Any CPU
		{704CB649-CFF7-4EA1-94C0-4BEDBB84EA7E}.Debug|Any CPU.ActiveCfg = Debug|Any CPU
		{704CB649-CFF7-4EA1-94C0-4BEDBB84EA7E}.Debug|Any CPU.Build.0 = Debug|Any CPU
		{704CB649-CFF7-4EA1-94C0-4BEDBB84EA7E}.Release|Any CPU.ActiveCfg = Release|Any CPU
		{704CB649-CFF7-4EA1-94C0-4BEDBB84EA7E}.Release|Any CPU.Build.0 = Release|Any CPU
		{9C2DB807-6642-4A6A-BD9B-AE6A84D79615}.Debug|Any CPU.ActiveCfg = Debug|Any CPU
		{9C2DB807-6642-4A6A-BD9B-AE6A84D79615}.Debug|Any CPU.Build.0 = Debug|Any CPU
		{9C2DB807-6642-4A6A-BD9B-AE6A84D79615}.Release|Any CPU.ActiveCfg = Release|Any CPU
		{9C2DB807-6642-4A6A-BD9B-AE6A84D79615}.Release|Any CPU.Build.0 = Release|Any CPU
		{71216FF3-928E-47DE-A11C-D7002411D568}.Debug|Any CPU.ActiveCfg = Debug|Any CPU
		{71216FF3-928E-47DE-A11C-D7002411D568}.Debug|Any CPU.Build.0 = Debug|Any CPU
		{71216FF3-928E-47DE-A11C-D7002411D568}.Release|Any CPU.ActiveCfg = Release|Any CPU
		{71216FF3-928E-47DE-A11C-D7002411D568}.Release|Any CPU.Build.0 = Release|Any CPU
	EndGlobalSection
	GlobalSection(SolutionProperties) = preSolution
		HideSolutionNode = FALSE
	EndGlobalSection
	GlobalSection(NestedProjects) = preSolution
		{239FBA04-09E8-4F12-B491-608DD78CDF6E} = {955A95D4-C6D7-468F-ABC3-4BF9454573A8}
		{9C2DB807-6642-4A6A-BD9B-AE6A84D79615} = {955A95D4-C6D7-468F-ABC3-4BF9454573A8}
	EndGlobalSection
	GlobalSection(ExtensibilityGlobals) = postSolution
		SolutionGuid = {FD61E690-2853-4F69-808A-D6A6F7A7894C}
	EndGlobalSection
EndGlobal
